
Microsoft Visual Studio Solution File, Format Version 12.00
# Visual Studio Version 17
VisualStudioVersion = 17.2.32630.192
MinimumVisualStudioVersion = 10.0.40219.1
Project("{9A19103F-16F7-4668-BE54-9A1E7A4F7556}") = "ApuStore", "ApuStore\ApuStore.csproj", "{80068E52-F7F3-46F7-A678-04B7B4A5D902}"
EndProject
Project("{9A19103F-16F7-4668-BE54-9A1E7A4F7556}") = "ApuStoreDb", "ApuStoreDb\ApuStoreDb.csproj", "{5E9296E4-1692-4899-AFEB-A84C2575D67A}"
EndProject
Global
	GlobalSection(SolutionConfigurationPlatforms) = preSolution
		Debug|Any CPU = Debug|Any CPU
		Release|Any CPU = Release|Any CPU
	EndGlobalSection
	GlobalSection(ProjectConfigurationPlatforms) = postSolution
		{80068E52-F7F3-46F7-A678-04B7B4A5D902}.Debug|Any CPU.ActiveCfg = Debug|Any CPU
		{80068E52-F7F3-46F7-A678-04B7B4A5D902}.Debug|Any CPU.Build.0 = Debug|Any CPU
		{80068E52-F7F3-46F7-A678-04B7B4A5D902}.Release|Any CPU.ActiveCfg = Release|Any CPU
		{80068E52-F7F3-46F7-A678-04B7B4A5D902}.Release|Any CPU.Build.0 = Release|Any CPU
		{5E9296E4-1692-4899-AFEB-A84C2575D67A}.Debug|Any CPU.ActiveCfg = Debug|Any CPU
		{5E9296E4-1692-4899-AFEB-A84C2575D67A}.Debug|Any CPU.Build.0 = Debug|Any CPU
		{5E9296E4-1692-4899-AFEB-A84C2575D67A}.Release|Any CPU.ActiveCfg = Release|Any CPU
		{5E9296E4-1692-4899-AFEB-A84C2575D67A}.Release|Any CPU.Build.0 = Release|Any CPU
	EndGlobalSection
	GlobalSection(SolutionProperties) = preSolution
		HideSolutionNode = FALSE
	EndGlobalSection
	GlobalSection(ExtensibilityGlobals) = postSolution
		SolutionGuid = {5B8A6B18-8E54-4FB7-B224-658D34505D8A}
	EndGlobalSection
EndGlobal
